
Microsoft Visual Studio Solution File, Format Version 12.00
# Visual Studio Version 16
VisualStudioVersion = 16.0.30517.126
MinimumVisualStudioVersion = 10.0.40219.1
Project("{FAE04EC0-301F-11D3-BF4B-00C04F79EFBC}") = "lb6_A", "lb6_A\lb6_A.csproj", "{D5FF8370-6E52-4EB8-B614-69C573FAAD61}"
EndProject
Global
	GlobalSection(SolutionConfigurationPlatforms) = preSolution
		Debug|Any CPU = Debug|Any CPU
		Release|Any CPU = Release|Any CPU
	EndGlobalSection
	GlobalSection(ProjectConfigurationPlatforms) = postSolution
		{D5FF8370-6E52-4EB8-B614-69C573FAAD61}.Debug|Any CPU.ActiveCfg = Debug|Any CPU
		{D5FF8370-6E52-4EB8-B614-69C573FAAD61}.Debug|Any CPU.Build.0 = Debug|Any CPU
		{D5FF8370-6E52-4EB8-B614-69C573FAAD61}.Release|Any CPU.ActiveCfg = Release|Any CPU
		{D5FF8370-6E52-4EB8-B614-69C573FAAD61}.Release|Any CPU.Build.0 = Release|Any CPU
	EndGlobalSection
	GlobalSection(SolutionProperties) = preSolution
		HideSolutionNode = FALSE
	EndGlobalSection
	GlobalSection(ExtensibilityGlobals) = postSolution
		SolutionGuid = {6E1E9107-657A-4842-9673-2E8A4F80695B}
	EndGlobalSection
EndGlobal
