
Microsoft Visual Studio Solution File, Format Version 12.00
# Visual Studio Version 16
VisualStudioVersion = 16.0.30517.126
MinimumVisualStudioVersion = 10.0.40219.1
Project("{FAE04EC0-301F-11D3-BF4B-00C04F79EFBC}") = "lb8_A", "lb8_A\lb8_A.csproj", "{8BBF511D-5CC8-44B2-985D-ED9E6AEA57D4}"
EndProject
Global
	GlobalSection(SolutionConfigurationPlatforms) = preSolution
		Debug|Any CPU = Debug|Any CPU
		Release|Any CPU = Release|Any CPU
	EndGlobalSection
	GlobalSection(ProjectConfigurationPlatforms) = postSolution
		{8BBF511D-5CC8-44B2-985D-ED9E6AEA57D4}.Debug|Any CPU.ActiveCfg = Debug|Any CPU
		{8BBF511D-5CC8-44B2-985D-ED9E6AEA57D4}.Debug|Any CPU.Build.0 = Debug|Any CPU
		{8BBF511D-5CC8-44B2-985D-ED9E6AEA57D4}.Release|Any CPU.ActiveCfg = Release|Any CPU
		{8BBF511D-5CC8-44B2-985D-ED9E6AEA57D4}.Release|Any CPU.Build.0 = Release|Any CPU
	EndGlobalSection
	GlobalSection(SolutionProperties) = preSolution
		HideSolutionNode = FALSE
	EndGlobalSection
	GlobalSection(ExtensibilityGlobals) = postSolution
		SolutionGuid = {1197F2AE-34A4-44B6-B430-A31DD4F30689}
	EndGlobalSection
EndGlobal
